
Microsoft Visual Studio Solution File, Format Version 12.00
# Visual Studio 15
VisualStudioVersion = 15.0.26730.10
MinimumVisualStudioVersion = 10.0.40219.1
Project("{2150E333-8FDC-42A3-9474-1A3956D46DE8}") = "src", "src", "{7A112E02-66D2-408B-A661-8FB844B3A5A6}"
EndProject
Project("{2150E333-8FDC-42A3-9474-1A3956D46DE8}") = "test-engines", "test-engines", "{38C3FE2C-79D3-46E1-ACD1-9B5AF40500FC}"
EndProject
Project("{FAE04EC0-301F-11D3-BF4B-00C04F79EFBC}") = "TDD.XUnitTests", "TDD.XUnitTests\TDD.XUnitTests.csproj", "{7EB0A814-4BA1-4172-9A62-A65265A5DA8A}"
EndProject
Project("{FAE04EC0-301F-11D3-BF4B-00C04F79EFBC}") = "TDD.MSTests", "TDD.MSTests\TDD.MSTests.csproj", "{8927096B-FAAE-4B12-8085-9E4C14CCCD41}"
EndProject
Project("{FAE04EC0-301F-11D3-BF4B-00C04F79EFBC}") = "TDD.NUnitTests", "TDD.NUnitTests\TDD.NUnitTests.csproj", "{372A2F01-CC0C-4EE1-8BD8-3C198528AEE5}"
EndProject
Project("{FAE04EC0-301F-11D3-BF4B-00C04F79EFBC}") = "TDD.Classes", "TDD.Classes\TDD.Classes.csproj", "{21A44EC0-8E3F-470F-85D5-866CFA9201E4}"
EndProject
Project("{FAE04EC0-301F-11D3-BF4B-00C04F79EFBC}") = "TDD.XUnit.TestDoubles.Moq", "TDD.XUnit.TestDoubles.Moq\TDD.XUnit.TestDoubles.Moq.csproj", "{410BD269-6DCB-49E6-A091-4FCDF661EA5A}"
EndProject
Project("{FAE04EC0-301F-11D3-BF4B-00C04F79EFBC}") = "TDD.XUnit.TestDoubles.NSubstitute", "TDD.XUnit.TestDoubles.NSubstitute\TDD.XUnit.TestDoubles.NSubstitute.csproj", "{18B548EF-CCF7-4A26-AADF-2C988997180E}"
EndProject
Project("{FAE04EC0-301F-11D3-BF4B-00C04F79EFBC}") = "TDD.XUnit.TestDoubles.Rhino", "TDD.XUnit.TestDoubles.Rhino\TDD.XUnit.TestDoubles.Rhino.csproj", "{836C4BCC-23D2-40B1-B277-057D922734EB}"
EndProject
Project("{2150E333-8FDC-42A3-9474-1A3956D46DE8}") = "test-doubles", "test-doubles", "{5C70B14B-7840-44C4-898D-AAC00CB8BC8F}"
EndProject
Project("{2150E333-8FDC-42A3-9474-1A3956D46DE8}") = "test-models", "test-models", "{85352314-3FB8-48E4-9C2B-78C1DBE120B2}"
EndProject
Project("{FAE04EC0-301F-11D3-BF4B-00C04F79EFBC}") = "TDD.XUnit.TestModels.AutoFixture", "TDD.XUnit.TestModels.AutoFixture\TDD.XUnit.TestModels.AutoFixture.csproj", "{A49658B0-7785-4FEC-857E-E4AA181E4C53}"
EndProject
Project("{FAE04EC0-301F-11D3-BF4B-00C04F79EFBC}") = "TDD.XUnit.TestModels.NBuilder", "TDD.XUnit.TestModels.NBuilder\TDD.XUnit.TestModels.NBuilder.csproj", "{3AFB95D0-69B2-4B14-ADB8-B927FAF8E5B2}"
EndProject
Global
	GlobalSection(SolutionConfigurationPlatforms) = preSolution
		Debug|Any CPU = Debug|Any CPU
		Release|Any CPU = Release|Any CPU
	EndGlobalSection
	GlobalSection(ProjectConfigurationPlatforms) = postSolution
		{7EB0A814-4BA1-4172-9A62-A65265A5DA8A}.Debug|Any CPU.ActiveCfg = Debug|Any CPU
		{7EB0A814-4BA1-4172-9A62-A65265A5DA8A}.Debug|Any CPU.Build.0 = Debug|Any CPU
		{7EB0A814-4BA1-4172-9A62-A65265A5DA8A}.Release|Any CPU.ActiveCfg = Release|Any CPU
		{7EB0A814-4BA1-4172-9A62-A65265A5DA8A}.Release|Any CPU.Build.0 = Release|Any CPU
		{8927096B-FAAE-4B12-8085-9E4C14CCCD41}.Debug|Any CPU.ActiveCfg = Debug|Any CPU
		{8927096B-FAAE-4B12-8085-9E4C14CCCD41}.Debug|Any CPU.Build.0 = Debug|Any CPU
		{8927096B-FAAE-4B12-8085-9E4C14CCCD41}.Release|Any CPU.ActiveCfg = Release|Any CPU
		{8927096B-FAAE-4B12-8085-9E4C14CCCD41}.Release|Any CPU.Build.0 = Release|Any CPU
		{372A2F01-CC0C-4EE1-8BD8-3C198528AEE5}.Debug|Any CPU.ActiveCfg = Debug|Any CPU
		{372A2F01-CC0C-4EE1-8BD8-3C198528AEE5}.Debug|Any CPU.Build.0 = Debug|Any CPU
		{372A2F01-CC0C-4EE1-8BD8-3C198528AEE5}.Release|Any CPU.ActiveCfg = Release|Any CPU
		{372A2F01-CC0C-4EE1-8BD8-3C198528AEE5}.Release|Any CPU.Build.0 = Release|Any CPU
		{21A44EC0-8E3F-470F-85D5-866CFA9201E4}.Debug|Any CPU.ActiveCfg = Debug|Any CPU
		{21A44EC0-8E3F-470F-85D5-866CFA9201E4}.Debug|Any CPU.Build.0 = Debug|Any CPU
		{21A44EC0-8E3F-470F-85D5-866CFA9201E4}.Release|Any CPU.ActiveCfg = Release|Any CPU
		{21A44EC0-8E3F-470F-85D5-866CFA9201E4}.Release|Any CPU.Build.0 = Release|Any CPU
		{410BD269-6DCB-49E6-A091-4FCDF661EA5A}.Debug|Any CPU.ActiveCfg = Debug|Any CPU
		{410BD269-6DCB-49E6-A091-4FCDF661EA5A}.Debug|Any CPU.Build.0 = Debug|Any CPU
		{410BD269-6DCB-49E6-A091-4FCDF661EA5A}.Release|Any CPU.ActiveCfg = Release|Any CPU
		{410BD269-6DCB-49E6-A091-4FCDF661EA5A}.Release|Any CPU.Build.0 = Release|Any CPU
		{18B548EF-CCF7-4A26-AADF-2C988997180E}.Debug|Any CPU.ActiveCfg = Debug|Any CPU
		{18B548EF-CCF7-4A26-AADF-2C988997180E}.Debug|Any CPU.Build.0 = Debug|Any CPU
		{18B548EF-CCF7-4A26-AADF-2C988997180E}.Release|Any CPU.ActiveCfg = Release|Any CPU
		{18B548EF-CCF7-4A26-AADF-2C988997180E}.Release|Any CPU.Build.0 = Release|Any CPU
		{836C4BCC-23D2-40B1-B277-057D922734EB}.Debug|Any CPU.ActiveCfg = Debug|Any CPU
		{836C4BCC-23D2-40B1-B277-057D922734EB}.Debug|Any CPU.Build.0 = Debug|Any CPU
		{836C4BCC-23D2-40B1-B277-057D922734EB}.Release|Any CPU.ActiveCfg = Release|Any CPU
		{836C4BCC-23D2-40B1-B277-057D922734EB}.Release|Any CPU.Build.0 = Release|Any CPU
		{A49658B0-7785-4FEC-857E-E4AA181E4C53}.Debug|Any CPU.ActiveCfg = Debug|Any CPU
		{A49658B0-7785-4FEC-857E-E4AA181E4C53}.Debug|Any CPU.Build.0 = Debug|Any CPU
		{A49658B0-7785-4FEC-857E-E4AA181E4C53}.Release|Any CPU.ActiveCfg = Release|Any CPU
		{A49658B0-7785-4FEC-857E-E4AA181E4C53}.Release|Any CPU.Build.0 = Release|Any CPU
		{3AFB95D0-69B2-4B14-ADB8-B927FAF8E5B2}.Debug|Any CPU.ActiveCfg = Debug|Any CPU
		{3AFB95D0-69B2-4B14-ADB8-B927FAF8E5B2}.Debug|Any CPU.Build.0 = Debug|Any CPU
		{3AFB95D0-69B2-4B14-ADB8-B927FAF8E5B2}.Release|Any CPU.ActiveCfg = Release|Any CPU
		{3AFB95D0-69B2-4B14-ADB8-B927FAF8E5B2}.Release|Any CPU.Build.0 = Release|Any CPU
	EndGlobalSection
	GlobalSection(SolutionProperties) = preSolution
		HideSolutionNode = FALSE
	EndGlobalSection
	GlobalSection(NestedProjects) = preSolution
		{7EB0A814-4BA1-4172-9A62-A65265A5DA8A} = {38C3FE2C-79D3-46E1-ACD1-9B5AF40500FC}
		{8927096B-FAAE-4B12-8085-9E4C14CCCD41} = {38C3FE2C-79D3-46E1-ACD1-9B5AF40500FC}
		{372A2F01-CC0C-4EE1-8BD8-3C198528AEE5} = {38C3FE2C-79D3-46E1-ACD1-9B5AF40500FC}
		{21A44EC0-8E3F-470F-85D5-866CFA9201E4} = {7A112E02-66D2-408B-A661-8FB844B3A5A6}
		{410BD269-6DCB-49E6-A091-4FCDF661EA5A} = {5C70B14B-7840-44C4-898D-AAC00CB8BC8F}
		{18B548EF-CCF7-4A26-AADF-2C988997180E} = {5C70B14B-7840-44C4-898D-AAC00CB8BC8F}
		{836C4BCC-23D2-40B1-B277-057D922734EB} = {5C70B14B-7840-44C4-898D-AAC00CB8BC8F}
		{A49658B0-7785-4FEC-857E-E4AA181E4C53} = {85352314-3FB8-48E4-9C2B-78C1DBE120B2}
		{3AFB95D0-69B2-4B14-ADB8-B927FAF8E5B2} = {85352314-3FB8-48E4-9C2B-78C1DBE120B2}
	EndGlobalSection
	GlobalSection(ExtensibilityGlobals) = postSolution
		SolutionGuid = {C3671968-CF80-485D-8F04-B82B071C3DEA}
	EndGlobalSection
EndGlobal
