
Microsoft Visual Studio Solution File, Format Version 12.00
# Visual Studio 15
VisualStudioVersion = 15.0.26730.10
MinimumVisualStudioVersion = 10.0.40219.1
Project("{2150E333-8FDC-42A3-9474-1A3956D46DE8}") = "src", "src", "{4B4FBAFF-B2B4-40DF-8E38-71F4F854B0F6}"
EndProject
Project("{2150E333-8FDC-42A3-9474-1A3956D46DE8}") = "test", "test", "{DF3A9B93-AFA7-48EF-AB72-06A57BFEFC38}"
EndProject
Project("{FAE04EC0-301F-11D3-BF4B-00C04F79EFBC}") = "TDD.Classes", "src\TDD.Classes\TDD.Classes.csproj", "{D3E7C499-7833-430A-8562-2553DE8EE4C2}"
EndProject
Project("{FAE04EC0-301F-11D3-BF4B-00C04F79EFBC}") = "TDD.XUnit.TestDoubles.Moq", "test\TDD.XUnit.TestDoubles.Moq\TDD.XUnit.TestDoubles.Moq.csproj", "{410BD269-6DCB-49E6-A091-4FCDF661EA5A}"
EndProject
Project("{FAE04EC0-301F-11D3-BF4B-00C04F79EFBC}") = "TDD.XUnit.TestDoubles.NSubstitute", "test\TDD.XUnit.TestDoubles.NSubstitute\TDD.XUnit.TestDoubles.NSubstitute.csproj", "{18B548EF-CCF7-4A26-AADF-2C988997180E}"
EndProject
Project("{FAE04EC0-301F-11D3-BF4B-00C04F79EFBC}") = "TDD.XUnit.TestDoubles.Rhino", "test\TDD.XUnit.TestDoubles.Rhino\TDD.XUnit.TestDoubles.Rhino.csproj", "{836C4BCC-23D2-40B1-B277-057D922734EB}"
EndProject
Global
	GlobalSection(SolutionConfigurationPlatforms) = preSolution
		Debug|Any CPU = Debug|Any CPU
		Release|Any CPU = Release|Any CPU
	EndGlobalSection
	GlobalSection(ProjectConfigurationPlatforms) = postSolution
		{D3E7C499-7833-430A-8562-2553DE8EE4C2}.Debug|Any CPU.ActiveCfg = Debug|Any CPU
		{D3E7C499-7833-430A-8562-2553DE8EE4C2}.Debug|Any CPU.Build.0 = Debug|Any CPU
		{D3E7C499-7833-430A-8562-2553DE8EE4C2}.Release|Any CPU.ActiveCfg = Release|Any CPU
		{D3E7C499-7833-430A-8562-2553DE8EE4C2}.Release|Any CPU.Build.0 = Release|Any CPU
		{410BD269-6DCB-49E6-A091-4FCDF661EA5A}.Debug|Any CPU.ActiveCfg = Debug|Any CPU
		{410BD269-6DCB-49E6-A091-4FCDF661EA5A}.Debug|Any CPU.Build.0 = Debug|Any CPU
		{410BD269-6DCB-49E6-A091-4FCDF661EA5A}.Release|Any CPU.ActiveCfg = Release|Any CPU
		{410BD269-6DCB-49E6-A091-4FCDF661EA5A}.Release|Any CPU.Build.0 = Release|Any CPU
		{18B548EF-CCF7-4A26-AADF-2C988997180E}.Debug|Any CPU.ActiveCfg = Debug|Any CPU
		{18B548EF-CCF7-4A26-AADF-2C988997180E}.Debug|Any CPU.Build.0 = Debug|Any CPU
		{18B548EF-CCF7-4A26-AADF-2C988997180E}.Release|Any CPU.ActiveCfg = Release|Any CPU
		{18B548EF-CCF7-4A26-AADF-2C988997180E}.Release|Any CPU.Build.0 = Release|Any CPU
		{836C4BCC-23D2-40B1-B277-057D922734EB}.Debug|Any CPU.ActiveCfg = Debug|Any CPU
		{836C4BCC-23D2-40B1-B277-057D922734EB}.Debug|Any CPU.Build.0 = Debug|Any CPU
		{836C4BCC-23D2-40B1-B277-057D922734EB}.Release|Any CPU.ActiveCfg = Release|Any CPU
		{836C4BCC-23D2-40B1-B277-057D922734EB}.Release|Any CPU.Build.0 = Release|Any CPU
	EndGlobalSection
	GlobalSection(SolutionProperties) = preSolution
		HideSolutionNode = FALSE
	EndGlobalSection
	GlobalSection(NestedProjects) = preSolution
		{D3E7C499-7833-430A-8562-2553DE8EE4C2} = {4B4FBAFF-B2B4-40DF-8E38-71F4F854B0F6}
		{410BD269-6DCB-49E6-A091-4FCDF661EA5A} = {DF3A9B93-AFA7-48EF-AB72-06A57BFEFC38}
		{18B548EF-CCF7-4A26-AADF-2C988997180E} = {DF3A9B93-AFA7-48EF-AB72-06A57BFEFC38}
		{836C4BCC-23D2-40B1-B277-057D922734EB} = {DF3A9B93-AFA7-48EF-AB72-06A57BFEFC38}
	EndGlobalSection
	GlobalSection(ExtensibilityGlobals) = postSolution
		SolutionGuid = {46C634B7-29CD-40AA-AA24-2D1DDBED3EEF}
	EndGlobalSection
EndGlobal
