
Microsoft Visual Studio Solution File, Format Version 12.00
# Visual Studio 15
VisualStudioVersion = 15.0.26730.10
MinimumVisualStudioVersion = 10.0.40219.1
Project("{2150E333-8FDC-42A3-9474-1A3956D46DE8}") = "src", "src", "{C27AEF99-4870-40BF-B366-6390FBD1CC82}"
EndProject
Project("{2150E333-8FDC-42A3-9474-1A3956D46DE8}") = "test", "test", "{479085F0-01F1-46AE-8C7E-BA8A8F162DEA}"
EndProject
Project("{FAE04EC0-301F-11D3-BF4B-00C04F79EFBC}") = "TDD.NUnitTests", "test\TDD.NUnitTests\TDD.NUnitTests.csproj", "{372A2F01-CC0C-4EE1-8BD8-3C198528AEE5}"
EndProject
Project("{FAE04EC0-301F-11D3-BF4B-00C04F79EFBC}") = "TDD.XUnitTests", "test\TDD.XUnitTests\TDD.XUnitTests.csproj", "{7EB0A814-4BA1-4172-9A62-A65265A5DA8A}"
EndProject
Project("{2150E333-8FDC-42A3-9474-1A3956D46DE8}") = "exercises", "exercises", "{0CFA77C5-8876-447B-86D4-2C67C5FE0D45}"
EndProject
Project("{FAE04EC0-301F-11D3-BF4B-00C04F79EFBC}") = "TDD.Fibonacci.Exercises", "exercises\TDD.Fibonacci.Exercises\TDD.Fibonacci.Exercises.csproj", "{B7352AD3-D70D-45E9-BC18-19ECFAE3D5C6}"
EndProject
Project("{FAE04EC0-301F-11D3-BF4B-00C04F79EFBC}") = "TDD.MSTests", "test\TDD.MSTests\TDD.MSTests.csproj", "{9447C862-D8C5-4EFC-B222-AF6F40B64B41}"
EndProject
Project("{FAE04EC0-301F-11D3-BF4B-00C04F79EFBC}") = "TDD.Fibonacci", "src\TDD.Fibonacci\TDD.Fibonacci.csproj", "{C40EB0FE-CDE0-414F-9F7B-1F4094FF243C}"
EndProject
Project("{FAE04EC0-301F-11D3-BF4B-00C04F79EFBC}") = "TDD.FizzBuzz", "src\TDD.FizzBuzz\TDD.FizzBuzz.csproj", "{AFC5E31F-0E04-42BA-8C5F-3E6CCA895F5E}"
EndProject
Global
	GlobalSection(SolutionConfigurationPlatforms) = preSolution
		Debug|Any CPU = Debug|Any CPU
		Release|Any CPU = Release|Any CPU
	EndGlobalSection
	GlobalSection(ProjectConfigurationPlatforms) = postSolution
		{372A2F01-CC0C-4EE1-8BD8-3C198528AEE5}.Debug|Any CPU.ActiveCfg = Debug|Any CPU
		{372A2F01-CC0C-4EE1-8BD8-3C198528AEE5}.Debug|Any CPU.Build.0 = Debug|Any CPU
		{372A2F01-CC0C-4EE1-8BD8-3C198528AEE5}.Release|Any CPU.ActiveCfg = Release|Any CPU
		{372A2F01-CC0C-4EE1-8BD8-3C198528AEE5}.Release|Any CPU.Build.0 = Release|Any CPU
		{7EB0A814-4BA1-4172-9A62-A65265A5DA8A}.Debug|Any CPU.ActiveCfg = Debug|Any CPU
		{7EB0A814-4BA1-4172-9A62-A65265A5DA8A}.Debug|Any CPU.Build.0 = Debug|Any CPU
		{7EB0A814-4BA1-4172-9A62-A65265A5DA8A}.Release|Any CPU.ActiveCfg = Release|Any CPU
		{7EB0A814-4BA1-4172-9A62-A65265A5DA8A}.Release|Any CPU.Build.0 = Release|Any CPU
		{B7352AD3-D70D-45E9-BC18-19ECFAE3D5C6}.Debug|Any CPU.ActiveCfg = Debug|Any CPU
		{B7352AD3-D70D-45E9-BC18-19ECFAE3D5C6}.Debug|Any CPU.Build.0 = Debug|Any CPU
		{B7352AD3-D70D-45E9-BC18-19ECFAE3D5C6}.Release|Any CPU.ActiveCfg = Release|Any CPU
		{B7352AD3-D70D-45E9-BC18-19ECFAE3D5C6}.Release|Any CPU.Build.0 = Release|Any CPU
		{9447C862-D8C5-4EFC-B222-AF6F40B64B41}.Debug|Any CPU.ActiveCfg = Debug|Any CPU
		{9447C862-D8C5-4EFC-B222-AF6F40B64B41}.Debug|Any CPU.Build.0 = Debug|Any CPU
		{9447C862-D8C5-4EFC-B222-AF6F40B64B41}.Release|Any CPU.ActiveCfg = Release|Any CPU
		{9447C862-D8C5-4EFC-B222-AF6F40B64B41}.Release|Any CPU.Build.0 = Release|Any CPU
		{C40EB0FE-CDE0-414F-9F7B-1F4094FF243C}.Debug|Any CPU.ActiveCfg = Debug|Any CPU
		{C40EB0FE-CDE0-414F-9F7B-1F4094FF243C}.Debug|Any CPU.Build.0 = Debug|Any CPU
		{C40EB0FE-CDE0-414F-9F7B-1F4094FF243C}.Release|Any CPU.ActiveCfg = Release|Any CPU
		{C40EB0FE-CDE0-414F-9F7B-1F4094FF243C}.Release|Any CPU.Build.0 = Release|Any CPU
		{AFC5E31F-0E04-42BA-8C5F-3E6CCA895F5E}.Debug|Any CPU.ActiveCfg = Debug|Any CPU
		{AFC5E31F-0E04-42BA-8C5F-3E6CCA895F5E}.Debug|Any CPU.Build.0 = Debug|Any CPU
		{AFC5E31F-0E04-42BA-8C5F-3E6CCA895F5E}.Release|Any CPU.ActiveCfg = Release|Any CPU
		{AFC5E31F-0E04-42BA-8C5F-3E6CCA895F5E}.Release|Any CPU.Build.0 = Release|Any CPU
	EndGlobalSection
	GlobalSection(SolutionProperties) = preSolution
		HideSolutionNode = FALSE
	EndGlobalSection
	GlobalSection(NestedProjects) = preSolution
		{372A2F01-CC0C-4EE1-8BD8-3C198528AEE5} = {479085F0-01F1-46AE-8C7E-BA8A8F162DEA}
		{7EB0A814-4BA1-4172-9A62-A65265A5DA8A} = {479085F0-01F1-46AE-8C7E-BA8A8F162DEA}
		{B7352AD3-D70D-45E9-BC18-19ECFAE3D5C6} = {0CFA77C5-8876-447B-86D4-2C67C5FE0D45}
		{9447C862-D8C5-4EFC-B222-AF6F40B64B41} = {479085F0-01F1-46AE-8C7E-BA8A8F162DEA}
		{C40EB0FE-CDE0-414F-9F7B-1F4094FF243C} = {C27AEF99-4870-40BF-B366-6390FBD1CC82}
		{AFC5E31F-0E04-42BA-8C5F-3E6CCA895F5E} = {C27AEF99-4870-40BF-B366-6390FBD1CC82}
	EndGlobalSection
	GlobalSection(ExtensibilityGlobals) = postSolution
		SolutionGuid = {682A92B8-EDF2-446E-8E15-61F2A0618902}
	EndGlobalSection
EndGlobal
